
Microsoft Visual Studio Solution File, Format Version 12.00
# Visual Studio Version 17
VisualStudioVersion = 17.12.35707.178 d17.12
MinimumVisualStudioVersion = 10.0.40219.1
Project("{FAE04EC0-301F-11D3-BF4B-00C04F79EFBC}") = "CRUD_MVC", "CRUD_MVC\CRUD_MVC.csproj", "{59C2C7A8-47F7-4D25-9EFA-FE64AC964E8A}"
EndProject
Global
	GlobalSection(SolutionConfigurationPlatforms) = preSolution
		Debug|Any CPU = Debug|Any CPU
		Release|Any CPU = Release|Any CPU
	EndGlobalSection
	GlobalSection(ProjectConfigurationPlatforms) = postSolution
		{59C2C7A8-47F7-4D25-9EFA-FE64AC964E8A}.Debug|Any CPU.ActiveCfg = Debug|Any CPU
		{59C2C7A8-47F7-4D25-9EFA-FE64AC964E8A}.Debug|Any CPU.Build.0 = Debug|Any CPU
		{59C2C7A8-47F7-4D25-9EFA-FE64AC964E8A}.Release|Any CPU.ActiveCfg = Release|Any CPU
		{59C2C7A8-47F7-4D25-9EFA-FE64AC964E8A}.Release|Any CPU.Build.0 = Release|Any CPU
	EndGlobalSection
	GlobalSection(SolutionProperties) = preSolution
		HideSolutionNode = FALSE
	EndGlobalSection
EndGlobal
